
Microsoft Visual Studio Solution File, Format Version 12.00
# Visual Studio Version 17
VisualStudioVersion = 17.13.35828.75
MinimumVisualStudioVersion = 10.0.40219.1
Project("{FAE04EC0-301F-11D3-BF4B-00C04F79EFBC}") = "SignalGenerator.Protocols", "SignalGenerator.Protocols\SignalGenerator.Protocols.csproj", "{3179A77D-F639-4329-9FE3-38FDBACDE0CD}"
EndProject
Project("{FAE04EC0-301F-11D3-BF4B-00C04F79EFBC}") = "SignalGenerator.Web", "SignalGenerator.Web\SignalGenerator.Web\SignalGenerator.Web.csproj", "{D94BA4B7-7E00-4F10-8043-27212A7F0279}"
EndProject
Project("{FAE04EC0-301F-11D3-BF4B-00C04F79EFBC}") = "SignalGenerator.Data", "SignalGenerator.Data\SignalGenerator.Data.csproj", "{EB94678F-ACAB-4E99-8CDD-22C5F843191E}"
EndProject
Global
	GlobalSection(SolutionConfigurationPlatforms) = preSolution
		Debug|Any CPU = Debug|Any CPU
		Release|Any CPU = Release|Any CPU
	EndGlobalSection
	GlobalSection(ProjectConfigurationPlatforms) = postSolution
		{3179A77D-F639-4329-9FE3-38FDBACDE0CD}.Debug|Any CPU.ActiveCfg = Debug|Any CPU
		{3179A77D-F639-4329-9FE3-38FDBACDE0CD}.Debug|Any CPU.Build.0 = Debug|Any CPU
		{3179A77D-F639-4329-9FE3-38FDBACDE0CD}.Release|Any CPU.ActiveCfg = Release|Any CPU
		{3179A77D-F639-4329-9FE3-38FDBACDE0CD}.Release|Any CPU.Build.0 = Release|Any CPU
		{D94BA4B7-7E00-4F10-8043-27212A7F0279}.Debug|Any CPU.ActiveCfg = Debug|Any CPU
		{D94BA4B7-7E00-4F10-8043-27212A7F0279}.Debug|Any CPU.Build.0 = Debug|Any CPU
		{D94BA4B7-7E00-4F10-8043-27212A7F0279}.Release|Any CPU.ActiveCfg = Release|Any CPU
		{D94BA4B7-7E00-4F10-8043-27212A7F0279}.Release|Any CPU.Build.0 = Release|Any CPU
		{EB94678F-ACAB-4E99-8CDD-22C5F843191E}.Debug|Any CPU.ActiveCfg = Debug|Any CPU
		{EB94678F-ACAB-4E99-8CDD-22C5F843191E}.Debug|Any CPU.Build.0 = Debug|Any CPU
		{EB94678F-ACAB-4E99-8CDD-22C5F843191E}.Release|Any CPU.ActiveCfg = Release|Any CPU
		{EB94678F-ACAB-4E99-8CDD-22C5F843191E}.Release|Any CPU.Build.0 = Release|Any CPU
	EndGlobalSection
	GlobalSection(SolutionProperties) = preSolution
		HideSolutionNode = FALSE
	EndGlobalSection
	GlobalSection(ExtensibilityGlobals) = postSolution
		SolutionGuid = {AA21C0F9-26BA-4207-8F15-B11A9C3BA179}
	EndGlobalSection
EndGlobal
